
Microsoft Visual Studio Solution File, Format Version 12.00
# Visual Studio 14
VisualStudioVersion = 14.0.25420.1
MinimumVisualStudioVersion = 10.0.40219.1
Project("{FAE04EC0-301F-11D3-BF4B-00C04F79EFBC}") = "SimpleRegReplace", "SimpleRegReplace\SimpleRegReplace.csproj", "{12503779-ED30-414D-B452-A8439871B889}"
EndProject
Project("{FAE04EC0-301F-11D3-BF4B-00C04F79EFBC}") = "WordListPlugin", "WordListPlugin\WordListPlugin.csproj", "{877DB37B-4F2F-40A9-A3B0-EDEFD6C35AA3}"
EndProject
Project("{FAE04EC0-301F-11D3-BF4B-00C04F79EFBC}") = "PluginInterface", "PluginInterface\PluginInterface.csproj", "{FD2058A4-D10F-4F24-B501-182591DED488}"
EndProject
Project("{FAE04EC0-301F-11D3-BF4B-00C04F79EFBC}") = "XmlReplace", "XmlReplace\XmlReplace.csproj", "{4A79A449-85A8-476D-9125-8A8C051EA995}"
EndProject
Project("{FAE04EC0-301F-11D3-BF4B-00C04F79EFBC}") = "ISUtils", "..\..\BitBucket\higgins-speakky-online\ISUtils\ISUtils.csproj", "{E073FB64-6B0B-4494-B162-20BBD4E9C7CF}"
EndProject
Project("{FAE04EC0-301F-11D3-BF4B-00C04F79EFBC}") = "IaBase", "..\..\ISService\Test\FilterTest\IaBase\IaBase.csproj", "{5EFB52FB-B322-46FF-B37C-426BE4956111}"
EndProject
Project("{FAE04EC0-301F-11D3-BF4B-00C04F79EFBC}") = "Common", "..\..\BitBucket\higgins-speakky-online\Common\Common.csproj", "{174DFC05-8D82-49B3-920F-B8905B745539}"
EndProject
Global
	GlobalSection(SolutionConfigurationPlatforms) = preSolution
		Debug For Uniweb|Any CPU = Debug For Uniweb|Any CPU
		Debug For Uniweb|Mixed Platforms = Debug For Uniweb|Mixed Platforms
		Debug For Uniweb|x86 = Debug For Uniweb|x86
		Debug From Azure|Any CPU = Debug From Azure|Any CPU
		Debug From Azure|Mixed Platforms = Debug From Azure|Mixed Platforms
		Debug From Azure|x86 = Debug From Azure|x86
		Debug|Any CPU = Debug|Any CPU
		Debug|Mixed Platforms = Debug|Mixed Platforms
		Debug|x86 = Debug|x86
		Release|Any CPU = Release|Any CPU
		Release|Mixed Platforms = Release|Mixed Platforms
		Release|x86 = Release|x86
	EndGlobalSection
	GlobalSection(ProjectConfigurationPlatforms) = postSolution
		{12503779-ED30-414D-B452-A8439871B889}.Debug For Uniweb|Any CPU.ActiveCfg = Release|x86
		{12503779-ED30-414D-B452-A8439871B889}.Debug For Uniweb|Any CPU.Build.0 = Release|x86
		{12503779-ED30-414D-B452-A8439871B889}.Debug For Uniweb|Mixed Platforms.ActiveCfg = Debug|x86
		{12503779-ED30-414D-B452-A8439871B889}.Debug For Uniweb|Mixed Platforms.Build.0 = Debug|x86
		{12503779-ED30-414D-B452-A8439871B889}.Debug For Uniweb|x86.ActiveCfg = Debug|x86
		{12503779-ED30-414D-B452-A8439871B889}.Debug For Uniweb|x86.Build.0 = Debug|x86
		{12503779-ED30-414D-B452-A8439871B889}.Debug From Azure|Any CPU.ActiveCfg = Release|x86
		{12503779-ED30-414D-B452-A8439871B889}.Debug From Azure|Any CPU.Build.0 = Release|x86
		{12503779-ED30-414D-B452-A8439871B889}.Debug From Azure|Mixed Platforms.ActiveCfg = Debug|x86
		{12503779-ED30-414D-B452-A8439871B889}.Debug From Azure|Mixed Platforms.Build.0 = Debug|x86
		{12503779-ED30-414D-B452-A8439871B889}.Debug From Azure|x86.ActiveCfg = Debug|x86
		{12503779-ED30-414D-B452-A8439871B889}.Debug From Azure|x86.Build.0 = Debug|x86
		{12503779-ED30-414D-B452-A8439871B889}.Debug|Any CPU.ActiveCfg = Debug|x86
		{12503779-ED30-414D-B452-A8439871B889}.Debug|Mixed Platforms.ActiveCfg = Debug|x86
		{12503779-ED30-414D-B452-A8439871B889}.Debug|Mixed Platforms.Build.0 = Debug|x86
		{12503779-ED30-414D-B452-A8439871B889}.Debug|x86.ActiveCfg = Debug|x86
		{12503779-ED30-414D-B452-A8439871B889}.Debug|x86.Build.0 = Debug|x86
		{12503779-ED30-414D-B452-A8439871B889}.Release|Any CPU.ActiveCfg = Release|x86
		{12503779-ED30-414D-B452-A8439871B889}.Release|Mixed Platforms.ActiveCfg = Release|x86
		{12503779-ED30-414D-B452-A8439871B889}.Release|Mixed Platforms.Build.0 = Release|x86
		{12503779-ED30-414D-B452-A8439871B889}.Release|x86.ActiveCfg = Release|x86
		{12503779-ED30-414D-B452-A8439871B889}.Release|x86.Build.0 = Release|x86
		{877DB37B-4F2F-40A9-A3B0-EDEFD6C35AA3}.Debug For Uniweb|Any CPU.ActiveCfg = Debug|Any CPU
		{877DB37B-4F2F-40A9-A3B0-EDEFD6C35AA3}.Debug For Uniweb|Any CPU.Build.0 = Debug|Any CPU
		{877DB37B-4F2F-40A9-A3B0-EDEFD6C35AA3}.Debug For Uniweb|Mixed Platforms.ActiveCfg = Debug|Any CPU
		{877DB37B-4F2F-40A9-A3B0-EDEFD6C35AA3}.Debug For Uniweb|Mixed Platforms.Build.0 = Debug|Any CPU
		{877DB37B-4F2F-40A9-A3B0-EDEFD6C35AA3}.Debug For Uniweb|x86.ActiveCfg = Debug|Any CPU
		{877DB37B-4F2F-40A9-A3B0-EDEFD6C35AA3}.Debug For Uniweb|x86.Build.0 = Debug|Any CPU
		{877DB37B-4F2F-40A9-A3B0-EDEFD6C35AA3}.Debug From Azure|Any CPU.ActiveCfg = Debug|Any CPU
		{877DB37B-4F2F-40A9-A3B0-EDEFD6C35AA3}.Debug From Azure|Any CPU.Build.0 = Debug|Any CPU
		{877DB37B-4F2F-40A9-A3B0-EDEFD6C35AA3}.Debug From Azure|Mixed Platforms.ActiveCfg = Debug|Any CPU
		{877DB37B-4F2F-40A9-A3B0-EDEFD6C35AA3}.Debug From Azure|Mixed Platforms.Build.0 = Debug|Any CPU
		{877DB37B-4F2F-40A9-A3B0-EDEFD6C35AA3}.Debug From Azure|x86.ActiveCfg = Debug|Any CPU
		{877DB37B-4F2F-40A9-A3B0-EDEFD6C35AA3}.Debug From Azure|x86.Build.0 = Debug|Any CPU
		{877DB37B-4F2F-40A9-A3B0-EDEFD6C35AA3}.Debug|Any CPU.ActiveCfg = Debug|Any CPU
		{877DB37B-4F2F-40A9-A3B0-EDEFD6C35AA3}.Debug|Any CPU.Build.0 = Debug|Any CPU
		{877DB37B-4F2F-40A9-A3B0-EDEFD6C35AA3}.Debug|Mixed Platforms.ActiveCfg = Debug|Any CPU
		{877DB37B-4F2F-40A9-A3B0-EDEFD6C35AA3}.Debug|Mixed Platforms.Build.0 = Debug|Any CPU
		{877DB37B-4F2F-40A9-A3B0-EDEFD6C35AA3}.Debug|x86.ActiveCfg = Debug|Any CPU
		{877DB37B-4F2F-40A9-A3B0-EDEFD6C35AA3}.Release|Any CPU.ActiveCfg = Release|Any CPU
		{877DB37B-4F2F-40A9-A3B0-EDEFD6C35AA3}.Release|Any CPU.Build.0 = Release|Any CPU
		{877DB37B-4F2F-40A9-A3B0-EDEFD6C35AA3}.Release|Mixed Platforms.ActiveCfg = Release|Any CPU
		{877DB37B-4F2F-40A9-A3B0-EDEFD6C35AA3}.Release|Mixed Platforms.Build.0 = Release|Any CPU
		{877DB37B-4F2F-40A9-A3B0-EDEFD6C35AA3}.Release|x86.ActiveCfg = Release|Any CPU
		{FD2058A4-D10F-4F24-B501-182591DED488}.Debug For Uniweb|Any CPU.ActiveCfg = Debug|Any CPU
		{FD2058A4-D10F-4F24-B501-182591DED488}.Debug For Uniweb|Any CPU.Build.0 = Debug|Any CPU
		{FD2058A4-D10F-4F24-B501-182591DED488}.Debug For Uniweb|Mixed Platforms.ActiveCfg = Debug|Any CPU
		{FD2058A4-D10F-4F24-B501-182591DED488}.Debug For Uniweb|Mixed Platforms.Build.0 = Debug|Any CPU
		{FD2058A4-D10F-4F24-B501-182591DED488}.Debug For Uniweb|x86.ActiveCfg = Debug|Any CPU
		{FD2058A4-D10F-4F24-B501-182591DED488}.Debug For Uniweb|x86.Build.0 = Debug|Any CPU
		{FD2058A4-D10F-4F24-B501-182591DED488}.Debug From Azure|Any CPU.ActiveCfg = Debug|Any CPU
		{FD2058A4-D10F-4F24-B501-182591DED488}.Debug From Azure|Any CPU.Build.0 = Debug|Any CPU
		{FD2058A4-D10F-4F24-B501-182591DED488}.Debug From Azure|Mixed Platforms.ActiveCfg = Debug|Any CPU
		{FD2058A4-D10F-4F24-B501-182591DED488}.Debug From Azure|Mixed Platforms.Build.0 = Debug|Any CPU
		{FD2058A4-D10F-4F24-B501-182591DED488}.Debug From Azure|x86.ActiveCfg = Debug|Any CPU
		{FD2058A4-D10F-4F24-B501-182591DED488}.Debug From Azure|x86.Build.0 = Debug|Any CPU
		{FD2058A4-D10F-4F24-B501-182591DED488}.Debug|Any CPU.ActiveCfg = Debug|Any CPU
		{FD2058A4-D10F-4F24-B501-182591DED488}.Debug|Any CPU.Build.0 = Debug|Any CPU
		{FD2058A4-D10F-4F24-B501-182591DED488}.Debug|Mixed Platforms.ActiveCfg = Debug|Any CPU
		{FD2058A4-D10F-4F24-B501-182591DED488}.Debug|Mixed Platforms.Build.0 = Debug|Any CPU
		{FD2058A4-D10F-4F24-B501-182591DED488}.Debug|x86.ActiveCfg = Debug|Any CPU
		{FD2058A4-D10F-4F24-B501-182591DED488}.Release|Any CPU.ActiveCfg = Release|Any CPU
		{FD2058A4-D10F-4F24-B501-182591DED488}.Release|Any CPU.Build.0 = Release|Any CPU
		{FD2058A4-D10F-4F24-B501-182591DED488}.Release|Mixed Platforms.ActiveCfg = Release|Any CPU
		{FD2058A4-D10F-4F24-B501-182591DED488}.Release|Mixed Platforms.Build.0 = Release|Any CPU
		{FD2058A4-D10F-4F24-B501-182591DED488}.Release|x86.ActiveCfg = Release|Any CPU
		{4A79A449-85A8-476D-9125-8A8C051EA995}.Debug For Uniweb|Any CPU.ActiveCfg = Debug|Any CPU
		{4A79A449-85A8-476D-9125-8A8C051EA995}.Debug For Uniweb|Any CPU.Build.0 = Debug|Any CPU
		{4A79A449-85A8-476D-9125-8A8C051EA995}.Debug For Uniweb|Mixed Platforms.ActiveCfg = Debug|Any CPU
		{4A79A449-85A8-476D-9125-8A8C051EA995}.Debug For Uniweb|Mixed Platforms.Build.0 = Debug|Any CPU
		{4A79A449-85A8-476D-9125-8A8C051EA995}.Debug For Uniweb|x86.ActiveCfg = Debug|Any CPU
		{4A79A449-85A8-476D-9125-8A8C051EA995}.Debug For Uniweb|x86.Build.0 = Debug|Any CPU
		{4A79A449-85A8-476D-9125-8A8C051EA995}.Debug From Azure|Any CPU.ActiveCfg = Debug|Any CPU
		{4A79A449-85A8-476D-9125-8A8C051EA995}.Debug From Azure|Any CPU.Build.0 = Debug|Any CPU
		{4A79A449-85A8-476D-9125-8A8C051EA995}.Debug From Azure|Mixed Platforms.ActiveCfg = Debug|Any CPU
		{4A79A449-85A8-476D-9125-8A8C051EA995}.Debug From Azure|Mixed Platforms.Build.0 = Debug|Any CPU
		{4A79A449-85A8-476D-9125-8A8C051EA995}.Debug From Azure|x86.ActiveCfg = Debug|Any CPU
		{4A79A449-85A8-476D-9125-8A8C051EA995}.Debug From Azure|x86.Build.0 = Debug|Any CPU
		{4A79A449-85A8-476D-9125-8A8C051EA995}.Debug|Any CPU.ActiveCfg = Debug|Any CPU
		{4A79A449-85A8-476D-9125-8A8C051EA995}.Debug|Any CPU.Build.0 = Debug|Any CPU
		{4A79A449-85A8-476D-9125-8A8C051EA995}.Debug|Mixed Platforms.ActiveCfg = Debug|Any CPU
		{4A79A449-85A8-476D-9125-8A8C051EA995}.Debug|Mixed Platforms.Build.0 = Debug|Any CPU
		{4A79A449-85A8-476D-9125-8A8C051EA995}.Debug|x86.ActiveCfg = Debug|Any CPU
		{4A79A449-85A8-476D-9125-8A8C051EA995}.Release|Any CPU.ActiveCfg = Release|Any CPU
		{4A79A449-85A8-476D-9125-8A8C051EA995}.Release|Any CPU.Build.0 = Release|Any CPU
		{4A79A449-85A8-476D-9125-8A8C051EA995}.Release|Mixed Platforms.ActiveCfg = Release|Any CPU
		{4A79A449-85A8-476D-9125-8A8C051EA995}.Release|Mixed Platforms.Build.0 = Release|Any CPU
		{4A79A449-85A8-476D-9125-8A8C051EA995}.Release|x86.ActiveCfg = Release|Any CPU
		{E073FB64-6B0B-4494-B162-20BBD4E9C7CF}.Debug For Uniweb|Any CPU.ActiveCfg = Debug For Uniweb|Any CPU
		{E073FB64-6B0B-4494-B162-20BBD4E9C7CF}.Debug For Uniweb|Any CPU.Build.0 = Debug For Uniweb|Any CPU
		{E073FB64-6B0B-4494-B162-20BBD4E9C7CF}.Debug For Uniweb|Mixed Platforms.ActiveCfg = Debug For Uniweb|Any CPU
		{E073FB64-6B0B-4494-B162-20BBD4E9C7CF}.Debug For Uniweb|Mixed Platforms.Build.0 = Debug For Uniweb|Any CPU
		{E073FB64-6B0B-4494-B162-20BBD4E9C7CF}.Debug For Uniweb|x86.ActiveCfg = Debug For Uniweb|Any CPU
		{E073FB64-6B0B-4494-B162-20BBD4E9C7CF}.Debug For Uniweb|x86.Build.0 = Debug For Uniweb|Any CPU
		{E073FB64-6B0B-4494-B162-20BBD4E9C7CF}.Debug From Azure|Any CPU.ActiveCfg = Debug From Azure|Any CPU
		{E073FB64-6B0B-4494-B162-20BBD4E9C7CF}.Debug From Azure|Any CPU.Build.0 = Debug From Azure|Any CPU
		{E073FB64-6B0B-4494-B162-20BBD4E9C7CF}.Debug From Azure|Mixed Platforms.ActiveCfg = Debug From Azure|Any CPU
		{E073FB64-6B0B-4494-B162-20BBD4E9C7CF}.Debug From Azure|Mixed Platforms.Build.0 = Debug From Azure|Any CPU
		{E073FB64-6B0B-4494-B162-20BBD4E9C7CF}.Debug From Azure|x86.ActiveCfg = Debug From Azure|Any CPU
		{E073FB64-6B0B-4494-B162-20BBD4E9C7CF}.Debug From Azure|x86.Build.0 = Debug From Azure|Any CPU
		{E073FB64-6B0B-4494-B162-20BBD4E9C7CF}.Debug|Any CPU.ActiveCfg = Debug|Any CPU
		{E073FB64-6B0B-4494-B162-20BBD4E9C7CF}.Debug|Any CPU.Build.0 = Debug|Any CPU
		{E073FB64-6B0B-4494-B162-20BBD4E9C7CF}.Debug|Mixed Platforms.ActiveCfg = Debug|Any CPU
		{E073FB64-6B0B-4494-B162-20BBD4E9C7CF}.Debug|Mixed Platforms.Build.0 = Debug|Any CPU
		{E073FB64-6B0B-4494-B162-20BBD4E9C7CF}.Debug|x86.ActiveCfg = Debug|Any CPU
		{E073FB64-6B0B-4494-B162-20BBD4E9C7CF}.Debug|x86.Build.0 = Debug|Any CPU
		{E073FB64-6B0B-4494-B162-20BBD4E9C7CF}.Release|Any CPU.ActiveCfg = Release|Any CPU
		{E073FB64-6B0B-4494-B162-20BBD4E9C7CF}.Release|Any CPU.Build.0 = Release|Any CPU
		{E073FB64-6B0B-4494-B162-20BBD4E9C7CF}.Release|Mixed Platforms.ActiveCfg = Release|Any CPU
		{E073FB64-6B0B-4494-B162-20BBD4E9C7CF}.Release|Mixed Platforms.Build.0 = Release|Any CPU
		{E073FB64-6B0B-4494-B162-20BBD4E9C7CF}.Release|x86.ActiveCfg = Release|Any CPU
		{E073FB64-6B0B-4494-B162-20BBD4E9C7CF}.Release|x86.Build.0 = Release|Any CPU
		{5EFB52FB-B322-46FF-B37C-426BE4956111}.Debug For Uniweb|Any CPU.ActiveCfg = Debug|Any CPU
		{5EFB52FB-B322-46FF-B37C-426BE4956111}.Debug For Uniweb|Any CPU.Build.0 = Debug|Any CPU
		{5EFB52FB-B322-46FF-B37C-426BE4956111}.Debug For Uniweb|Mixed Platforms.ActiveCfg = Debug|Any CPU
		{5EFB52FB-B322-46FF-B37C-426BE4956111}.Debug For Uniweb|Mixed Platforms.Build.0 = Debug|Any CPU
		{5EFB52FB-B322-46FF-B37C-426BE4956111}.Debug For Uniweb|x86.ActiveCfg = Debug|Any CPU
		{5EFB52FB-B322-46FF-B37C-426BE4956111}.Debug For Uniweb|x86.Build.0 = Debug|Any CPU
		{5EFB52FB-B322-46FF-B37C-426BE4956111}.Debug From Azure|Any CPU.ActiveCfg = Debug|Any CPU
		{5EFB52FB-B322-46FF-B37C-426BE4956111}.Debug From Azure|Any CPU.Build.0 = Debug|Any CPU
		{5EFB52FB-B322-46FF-B37C-426BE4956111}.Debug From Azure|Mixed Platforms.ActiveCfg = Debug|Any CPU
		{5EFB52FB-B322-46FF-B37C-426BE4956111}.Debug From Azure|Mixed Platforms.Build.0 = Debug|Any CPU
		{5EFB52FB-B322-46FF-B37C-426BE4956111}.Debug From Azure|x86.ActiveCfg = Debug|Any CPU
		{5EFB52FB-B322-46FF-B37C-426BE4956111}.Debug From Azure|x86.Build.0 = Debug|Any CPU
		{5EFB52FB-B322-46FF-B37C-426BE4956111}.Debug|Any CPU.ActiveCfg = Debug|Any CPU
		{5EFB52FB-B322-46FF-B37C-426BE4956111}.Debug|Any CPU.Build.0 = Debug|Any CPU
		{5EFB52FB-B322-46FF-B37C-426BE4956111}.Debug|Mixed Platforms.ActiveCfg = Debug|Any CPU
		{5EFB52FB-B322-46FF-B37C-426BE4956111}.Debug|Mixed Platforms.Build.0 = Debug|Any CPU
		{5EFB52FB-B322-46FF-B37C-426BE4956111}.Debug|x86.ActiveCfg = Debug|Any CPU
		{5EFB52FB-B322-46FF-B37C-426BE4956111}.Debug|x86.Build.0 = Debug|Any CPU
		{5EFB52FB-B322-46FF-B37C-426BE4956111}.Release|Any CPU.ActiveCfg = Release|Any CPU
		{5EFB52FB-B322-46FF-B37C-426BE4956111}.Release|Any CPU.Build.0 = Release|Any CPU
		{5EFB52FB-B322-46FF-B37C-426BE4956111}.Release|Mixed Platforms.ActiveCfg = Release|Any CPU
		{5EFB52FB-B322-46FF-B37C-426BE4956111}.Release|Mixed Platforms.Build.0 = Release|Any CPU
		{5EFB52FB-B322-46FF-B37C-426BE4956111}.Release|x86.ActiveCfg = Release|Any CPU
		{5EFB52FB-B322-46FF-B37C-426BE4956111}.Release|x86.Build.0 = Release|Any CPU
		{174DFC05-8D82-49B3-920F-B8905B745539}.Debug For Uniweb|Any CPU.ActiveCfg = Debug For Uniweb|Any CPU
		{174DFC05-8D82-49B3-920F-B8905B745539}.Debug For Uniweb|Any CPU.Build.0 = Debug For Uniweb|Any CPU
		{174DFC05-8D82-49B3-920F-B8905B745539}.Debug For Uniweb|Mixed Platforms.ActiveCfg = Debug For Uniweb|Any CPU
		{174DFC05-8D82-49B3-920F-B8905B745539}.Debug For Uniweb|Mixed Platforms.Build.0 = Debug For Uniweb|Any CPU
		{174DFC05-8D82-49B3-920F-B8905B745539}.Debug For Uniweb|x86.ActiveCfg = Debug For Uniweb|Any CPU
		{174DFC05-8D82-49B3-920F-B8905B745539}.Debug For Uniweb|x86.Build.0 = Debug For Uniweb|Any CPU
		{174DFC05-8D82-49B3-920F-B8905B745539}.Debug From Azure|Any CPU.ActiveCfg = Debug For Uniweb|Any CPU
		{174DFC05-8D82-49B3-920F-B8905B745539}.Debug From Azure|Any CPU.Build.0 = Debug For Uniweb|Any CPU
		{174DFC05-8D82-49B3-920F-B8905B745539}.Debug From Azure|Mixed Platforms.ActiveCfg = Debug For Uniweb|Any CPU
		{174DFC05-8D82-49B3-920F-B8905B745539}.Debug From Azure|Mixed Platforms.Build.0 = Debug For Uniweb|Any CPU
		{174DFC05-8D82-49B3-920F-B8905B745539}.Debug From Azure|x86.ActiveCfg = Debug For Uniweb|Any CPU
		{174DFC05-8D82-49B3-920F-B8905B745539}.Debug From Azure|x86.Build.0 = Debug For Uniweb|Any CPU
		{174DFC05-8D82-49B3-920F-B8905B745539}.Debug|Any CPU.ActiveCfg = Debug|Any CPU
		{174DFC05-8D82-49B3-920F-B8905B745539}.Debug|Any CPU.Build.0 = Debug|Any CPU
		{174DFC05-8D82-49B3-920F-B8905B745539}.Debug|Mixed Platforms.ActiveCfg = Debug|Any CPU
		{174DFC05-8D82-49B3-920F-B8905B745539}.Debug|Mixed Platforms.Build.0 = Debug|Any CPU
		{174DFC05-8D82-49B3-920F-B8905B745539}.Debug|x86.ActiveCfg = Debug|Any CPU
		{174DFC05-8D82-49B3-920F-B8905B745539}.Debug|x86.Build.0 = Debug|Any CPU
		{174DFC05-8D82-49B3-920F-B8905B745539}.Release|Any CPU.ActiveCfg = Release|Any CPU
		{174DFC05-8D82-49B3-920F-B8905B745539}.Release|Any CPU.Build.0 = Release|Any CPU
		{174DFC05-8D82-49B3-920F-B8905B745539}.Release|Mixed Platforms.ActiveCfg = Release|Any CPU
		{174DFC05-8D82-49B3-920F-B8905B745539}.Release|Mixed Platforms.Build.0 = Release|Any CPU
		{174DFC05-8D82-49B3-920F-B8905B745539}.Release|x86.ActiveCfg = Release|Any CPU
		{174DFC05-8D82-49B3-920F-B8905B745539}.Release|x86.Build.0 = Release|Any CPU
	EndGlobalSection
	GlobalSection(SolutionProperties) = preSolution
		HideSolutionNode = FALSE
	EndGlobalSection
EndGlobal
